
Microsoft Visual Studio Solution File, Format Version 10.00
# Visual Studio 2008
Project("{FAE04EC0-301F-11D3-BF4B-00C04F79EFBC}") = "Mefunc", "Mefunc\Mefunc.csproj", "{ADB15BE0-F463-4A5C-9A8F-A8D9EE739096}"
EndProject
Project("{FAE04EC0-301F-11D3-BF4B-00C04F79EFBC}") = "WorkflowFunc", "WorkflowFunc\WorkflowFunc.csproj", "{262B83F7-40E0-44AA-9A59-04A607991856}"
EndProject
Global
	GlobalSection(SolutionConfigurationPlatforms) = preSolution
		Debug|Any CPU = Debug|Any CPU
		Release|Any CPU = Release|Any CPU
	EndGlobalSection
	GlobalSection(ProjectConfigurationPlatforms) = postSolution
		{ADB15BE0-F463-4A5C-9A8F-A8D9EE739096}.Debug|Any CPU.ActiveCfg = Debug|Any CPU
		{ADB15BE0-F463-4A5C-9A8F-A8D9EE739096}.Debug|Any CPU.Build.0 = Debug|Any CPU
		{ADB15BE0-F463-4A5C-9A8F-A8D9EE739096}.Release|Any CPU.ActiveCfg = Release|Any CPU
		{ADB15BE0-F463-4A5C-9A8F-A8D9EE739096}.Release|Any CPU.Build.0 = Release|Any CPU
		{262B83F7-40E0-44AA-9A59-04A607991856}.Debug|Any CPU.ActiveCfg = Debug|Any CPU
		{262B83F7-40E0-44AA-9A59-04A607991856}.Debug|Any CPU.Build.0 = Debug|Any CPU
		{262B83F7-40E0-44AA-9A59-04A607991856}.Release|Any CPU.ActiveCfg = Release|Any CPU
		{262B83F7-40E0-44AA-9A59-04A607991856}.Release|Any CPU.Build.0 = Release|Any CPU
	EndGlobalSection
	GlobalSection(SolutionProperties) = preSolution
		HideSolutionNode = FALSE
	EndGlobalSection
EndGlobal
