
Microsoft Visual Studio Solution File, Format Version 10.00
# Visual Studio 2008
Project("{FAE04EC0-301F-11D3-BF4B-00C04F79EFBC}") = "Prismudio_SL", "Prismudio\Prismudio_SL.csproj", "{3847F8F0-0410-4A7E-BD0E-845333059CE4}"
EndProject
Project("{FAE04EC0-301F-11D3-BF4B-00C04F79EFBC}") = "Prismudio_WPF", "Prismudio\Prismudio_WPF.csproj", "{D7BC159E-4F36-441D-83DE-B5DADCBC346B}"
EndProject
Project("{FAE04EC0-301F-11D3-BF4B-00C04F79EFBC}") = "Prismudio.Core_WPF", "Core\Prismudio.Core_WPF.csproj", "{7CBF8C26-EDC0-40EF-8467-6D36ADA34387}"
EndProject
Project("{FAE04EC0-301F-11D3-BF4B-00C04F79EFBC}") = "Prismudio.Core_SL", "Core\Prismudio.Core_SL.csproj", "{5DCAE1B8-69C9-45A1-8DC5-A97E984DD688}"
EndProject
Project("{2150E333-8FDC-42A3-9474-1A3956D46DE8}") = "Core", "Core", "{B99AD905-1DCD-4A7F-8CB1-541C2C3FA224}"
EndProject
Project("{FAE04EC0-301F-11D3-BF4B-00C04F79EFBC}") = "XamlEditor_WPF", "Modules\XamlEditor\XamlEditor_WPF.csproj", "{A3CAED8E-125E-4709-86C3-1D8FA2B6CDBD}"
EndProject
Project("{FAE04EC0-301F-11D3-BF4B-00C04F79EFBC}") = "XamlEditor_SL", "Modules\XamlEditor\XamlEditor_SL.csproj", "{D214C8CC-20F5-4203-9821-2B44F31D4DFD}"
EndProject
Project("{2150E333-8FDC-42A3-9474-1A3956D46DE8}") = "Modules", "Modules", "{0E3A25CE-5AED-462F-AE1B-EA40C642F940}"
EndProject
Project("{2150E333-8FDC-42A3-9474-1A3956D46DE8}") = "XamlEditor", "XamlEditor", "{34AD6F21-1070-412D-AF09-B70DC1C8E412}"
EndProject
Project("{2150E333-8FDC-42A3-9474-1A3956D46DE8}") = "XamlViewer", "XamlViewer", "{52C42A8B-EE53-4B3F-B6FC-90DF91707C89}"
EndProject
Project("{2150E333-8FDC-42A3-9474-1A3956D46DE8}") = "CodeConsole", "CodeConsole", "{665FEF28-D28C-4F80-9648-3757CD7FE3EA}"
EndProject
Project("{FAE04EC0-301F-11D3-BF4B-00C04F79EFBC}") = "XamlViewer_SL", "Modules\XamlViewer\XamlViewer_SL.csproj", "{F835717B-18DB-4D52-B1DB-F880B657C69B}"
EndProject
Project("{FAE04EC0-301F-11D3-BF4B-00C04F79EFBC}") = "XamlViewer_WPF", "Modules\XamlViewer\XamlViewer_WPF.csproj", "{FDD94521-1FC8-47FF-A551-26304874D93C}"
EndProject
Project("{FAE04EC0-301F-11D3-BF4B-00C04F79EFBC}") = "CodeConsole_WPF", "Modules\CodeConsole\CodeConsole_WPF.csproj", "{A119603A-4623-43EF-B79B-F0CEA2B273EF}"
EndProject
Project("{FAE04EC0-301F-11D3-BF4B-00C04F79EFBC}") = "CodeConsole_SL", "Modules\CodeConsole\CodeConsole_SL.csproj", "{84B60578-A4E4-416C-88E4-43171B810E37}"
EndProject
Project("{2150E333-8FDC-42A3-9474-1A3956D46DE8}") = "DynamicLanguageScripting", "DynamicLanguageScripting", "{8314E920-DC87-4F0F-B65D-F6F84711BF4A}"
EndProject
Project("{FAE04EC0-301F-11D3-BF4B-00C04F79EFBC}") = "DynamicLanguageScripting_SL", "Modules\DynamicLanguageScripting\DynamicLanguageScripting_SL.csproj", "{E15E2577-DB13-414C-8A58-5747AF040B4F}"
EndProject
Project("{FAE04EC0-301F-11D3-BF4B-00C04F79EFBC}") = "DynamicLanguageScripting_WPF", "Modules\DynamicLanguageScripting\DynamicLanguageScripting_WPF.csproj", "{B68726D4-077A-4848-98CA-68DBAA7E8EBF}"
EndProject
Global
	GlobalSection(SolutionConfigurationPlatforms) = preSolution
		Debug|Any CPU = Debug|Any CPU
		Release|Any CPU = Release|Any CPU
	EndGlobalSection
	GlobalSection(ProjectConfigurationPlatforms) = postSolution
		{3847F8F0-0410-4A7E-BD0E-845333059CE4}.Debug|Any CPU.ActiveCfg = Debug|Any CPU
		{3847F8F0-0410-4A7E-BD0E-845333059CE4}.Debug|Any CPU.Build.0 = Debug|Any CPU
		{3847F8F0-0410-4A7E-BD0E-845333059CE4}.Release|Any CPU.ActiveCfg = Release|Any CPU
		{3847F8F0-0410-4A7E-BD0E-845333059CE4}.Release|Any CPU.Build.0 = Release|Any CPU
		{D7BC159E-4F36-441D-83DE-B5DADCBC346B}.Debug|Any CPU.ActiveCfg = Debug|Any CPU
		{D7BC159E-4F36-441D-83DE-B5DADCBC346B}.Debug|Any CPU.Build.0 = Debug|Any CPU
		{D7BC159E-4F36-441D-83DE-B5DADCBC346B}.Release|Any CPU.ActiveCfg = Release|Any CPU
		{D7BC159E-4F36-441D-83DE-B5DADCBC346B}.Release|Any CPU.Build.0 = Release|Any CPU
		{7CBF8C26-EDC0-40EF-8467-6D36ADA34387}.Debug|Any CPU.ActiveCfg = Debug|Any CPU
		{7CBF8C26-EDC0-40EF-8467-6D36ADA34387}.Debug|Any CPU.Build.0 = Debug|Any CPU
		{7CBF8C26-EDC0-40EF-8467-6D36ADA34387}.Release|Any CPU.ActiveCfg = Release|Any CPU
		{7CBF8C26-EDC0-40EF-8467-6D36ADA34387}.Release|Any CPU.Build.0 = Release|Any CPU
		{5DCAE1B8-69C9-45A1-8DC5-A97E984DD688}.Debug|Any CPU.ActiveCfg = Debug|Any CPU
		{5DCAE1B8-69C9-45A1-8DC5-A97E984DD688}.Debug|Any CPU.Build.0 = Debug|Any CPU
		{5DCAE1B8-69C9-45A1-8DC5-A97E984DD688}.Release|Any CPU.ActiveCfg = Release|Any CPU
		{5DCAE1B8-69C9-45A1-8DC5-A97E984DD688}.Release|Any CPU.Build.0 = Release|Any CPU
		{A3CAED8E-125E-4709-86C3-1D8FA2B6CDBD}.Debug|Any CPU.ActiveCfg = Debug|Any CPU
		{A3CAED8E-125E-4709-86C3-1D8FA2B6CDBD}.Debug|Any CPU.Build.0 = Debug|Any CPU
		{A3CAED8E-125E-4709-86C3-1D8FA2B6CDBD}.Release|Any CPU.ActiveCfg = Release|Any CPU
		{A3CAED8E-125E-4709-86C3-1D8FA2B6CDBD}.Release|Any CPU.Build.0 = Release|Any CPU
		{D214C8CC-20F5-4203-9821-2B44F31D4DFD}.Debug|Any CPU.ActiveCfg = Debug|Any CPU
		{D214C8CC-20F5-4203-9821-2B44F31D4DFD}.Debug|Any CPU.Build.0 = Debug|Any CPU
		{D214C8CC-20F5-4203-9821-2B44F31D4DFD}.Release|Any CPU.ActiveCfg = Release|Any CPU
		{D214C8CC-20F5-4203-9821-2B44F31D4DFD}.Release|Any CPU.Build.0 = Release|Any CPU
		{F835717B-18DB-4D52-B1DB-F880B657C69B}.Debug|Any CPU.ActiveCfg = Debug|Any CPU
		{F835717B-18DB-4D52-B1DB-F880B657C69B}.Debug|Any CPU.Build.0 = Debug|Any CPU
		{F835717B-18DB-4D52-B1DB-F880B657C69B}.Release|Any CPU.ActiveCfg = Release|Any CPU
		{F835717B-18DB-4D52-B1DB-F880B657C69B}.Release|Any CPU.Build.0 = Release|Any CPU
		{FDD94521-1FC8-47FF-A551-26304874D93C}.Debug|Any CPU.ActiveCfg = Debug|Any CPU
		{FDD94521-1FC8-47FF-A551-26304874D93C}.Debug|Any CPU.Build.0 = Debug|Any CPU
		{FDD94521-1FC8-47FF-A551-26304874D93C}.Release|Any CPU.ActiveCfg = Release|Any CPU
		{FDD94521-1FC8-47FF-A551-26304874D93C}.Release|Any CPU.Build.0 = Release|Any CPU
		{A119603A-4623-43EF-B79B-F0CEA2B273EF}.Debug|Any CPU.ActiveCfg = Debug|Any CPU
		{A119603A-4623-43EF-B79B-F0CEA2B273EF}.Debug|Any CPU.Build.0 = Debug|Any CPU
		{A119603A-4623-43EF-B79B-F0CEA2B273EF}.Release|Any CPU.ActiveCfg = Release|Any CPU
		{A119603A-4623-43EF-B79B-F0CEA2B273EF}.Release|Any CPU.Build.0 = Release|Any CPU
		{84B60578-A4E4-416C-88E4-43171B810E37}.Debug|Any CPU.ActiveCfg = Debug|Any CPU
		{84B60578-A4E4-416C-88E4-43171B810E37}.Debug|Any CPU.Build.0 = Debug|Any CPU
		{84B60578-A4E4-416C-88E4-43171B810E37}.Release|Any CPU.ActiveCfg = Release|Any CPU
		{84B60578-A4E4-416C-88E4-43171B810E37}.Release|Any CPU.Build.0 = Release|Any CPU
		{E15E2577-DB13-414C-8A58-5747AF040B4F}.Debug|Any CPU.ActiveCfg = Debug|Any CPU
		{E15E2577-DB13-414C-8A58-5747AF040B4F}.Debug|Any CPU.Build.0 = Debug|Any CPU
		{E15E2577-DB13-414C-8A58-5747AF040B4F}.Release|Any CPU.ActiveCfg = Release|Any CPU
		{E15E2577-DB13-414C-8A58-5747AF040B4F}.Release|Any CPU.Build.0 = Release|Any CPU
		{B68726D4-077A-4848-98CA-68DBAA7E8EBF}.Debug|Any CPU.ActiveCfg = Debug|Any CPU
		{B68726D4-077A-4848-98CA-68DBAA7E8EBF}.Debug|Any CPU.Build.0 = Debug|Any CPU
		{B68726D4-077A-4848-98CA-68DBAA7E8EBF}.Release|Any CPU.ActiveCfg = Release|Any CPU
		{B68726D4-077A-4848-98CA-68DBAA7E8EBF}.Release|Any CPU.Build.0 = Release|Any CPU
	EndGlobalSection
	GlobalSection(SolutionProperties) = preSolution
		HideSolutionNode = FALSE
	EndGlobalSection
	GlobalSection(NestedProjects) = preSolution
		{5DCAE1B8-69C9-45A1-8DC5-A97E984DD688} = {B99AD905-1DCD-4A7F-8CB1-541C2C3FA224}
		{7CBF8C26-EDC0-40EF-8467-6D36ADA34387} = {B99AD905-1DCD-4A7F-8CB1-541C2C3FA224}
		{34AD6F21-1070-412D-AF09-B70DC1C8E412} = {0E3A25CE-5AED-462F-AE1B-EA40C642F940}
		{52C42A8B-EE53-4B3F-B6FC-90DF91707C89} = {0E3A25CE-5AED-462F-AE1B-EA40C642F940}
		{665FEF28-D28C-4F80-9648-3757CD7FE3EA} = {0E3A25CE-5AED-462F-AE1B-EA40C642F940}
		{8314E920-DC87-4F0F-B65D-F6F84711BF4A} = {0E3A25CE-5AED-462F-AE1B-EA40C642F940}
		{A3CAED8E-125E-4709-86C3-1D8FA2B6CDBD} = {34AD6F21-1070-412D-AF09-B70DC1C8E412}
		{D214C8CC-20F5-4203-9821-2B44F31D4DFD} = {34AD6F21-1070-412D-AF09-B70DC1C8E412}
		{F835717B-18DB-4D52-B1DB-F880B657C69B} = {52C42A8B-EE53-4B3F-B6FC-90DF91707C89}
		{FDD94521-1FC8-47FF-A551-26304874D93C} = {52C42A8B-EE53-4B3F-B6FC-90DF91707C89}
		{A119603A-4623-43EF-B79B-F0CEA2B273EF} = {665FEF28-D28C-4F80-9648-3757CD7FE3EA}
		{84B60578-A4E4-416C-88E4-43171B810E37} = {665FEF28-D28C-4F80-9648-3757CD7FE3EA}
		{E15E2577-DB13-414C-8A58-5747AF040B4F} = {8314E920-DC87-4F0F-B65D-F6F84711BF4A}
		{B68726D4-077A-4848-98CA-68DBAA7E8EBF} = {8314E920-DC87-4F0F-B65D-F6F84711BF4A}
	EndGlobalSection
EndGlobal
